
Microsoft Visual Studio Solution File, Format Version 12.00
# Visual Studio Version 16
VisualStudioVersion = 16.0.30114.105
MinimumVisualStudioVersion = 10.0.40219.1
Project("{FAE04EC0-301F-11D3-BF4B-00C04F79EFBC}") = "MovieStore.WebApi", "MovieStore.WebApi\MovieStore.WebApi.csproj", "{05EA271A-09ED-42E6-8F13-730196A09E8D}"
EndProject
Project("{FAE04EC0-301F-11D3-BF4B-00C04F79EFBC}") = "MovieStore.WebApi.UnitTests", "MovieStore.WebApi.UnitTests\MovieStore.WebApi.UnitTests.csproj", "{B9AC6579-A1BD-4A23-B5C4-FD96FC6A8316}"
EndProject
Global
	GlobalSection(SolutionConfigurationPlatforms) = preSolution
		Debug|Any CPU = Debug|Any CPU
		Release|Any CPU = Release|Any CPU
	EndGlobalSection
	GlobalSection(SolutionProperties) = preSolution
		HideSolutionNode = FALSE
	EndGlobalSection
	GlobalSection(ProjectConfigurationPlatforms) = postSolution
		{05EA271A-09ED-42E6-8F13-730196A09E8D}.Debug|Any CPU.ActiveCfg = Debug|Any CPU
		{05EA271A-09ED-42E6-8F13-730196A09E8D}.Debug|Any CPU.Build.0 = Debug|Any CPU
		{05EA271A-09ED-42E6-8F13-730196A09E8D}.Release|Any CPU.ActiveCfg = Release|Any CPU
		{05EA271A-09ED-42E6-8F13-730196A09E8D}.Release|Any CPU.Build.0 = Release|Any CPU
		{B9AC6579-A1BD-4A23-B5C4-FD96FC6A8316}.Debug|Any CPU.ActiveCfg = Debug|Any CPU
		{B9AC6579-A1BD-4A23-B5C4-FD96FC6A8316}.Debug|Any CPU.Build.0 = Debug|Any CPU
		{B9AC6579-A1BD-4A23-B5C4-FD96FC6A8316}.Release|Any CPU.ActiveCfg = Release|Any CPU
		{B9AC6579-A1BD-4A23-B5C4-FD96FC6A8316}.Release|Any CPU.Build.0 = Release|Any CPU
	EndGlobalSection
EndGlobal
